
Microsoft Visual Studio Solution File, Format Version 12.00
# Visual Studio Version 17
VisualStudioVersion = 17.4.33213.308
MinimumVisualStudioVersion = 10.0.40219.1
Project("{FAE04EC0-301F-11D3-BF4B-00C04F79EFBC}") = "course_work", "course_work.csproj", "{BDD79B54-BFFF-4BFB-A51A-EF2D0322C89F}"
EndProject
Global
	GlobalSection(SolutionConfigurationPlatforms) = preSolution
		Debug|Any CPU = Debug|Any CPU
		Release|Any CPU = Release|Any CPU
	EndGlobalSection
	GlobalSection(ProjectConfigurationPlatforms) = postSolution
		{BDD79B54-BFFF-4BFB-A51A-EF2D0322C89F}.Debug|Any CPU.ActiveCfg = Debug|Any CPU
		{BDD79B54-BFFF-4BFB-A51A-EF2D0322C89F}.Debug|Any CPU.Build.0 = Debug|Any CPU
		{BDD79B54-BFFF-4BFB-A51A-EF2D0322C89F}.Release|Any CPU.ActiveCfg = Release|Any CPU
		{BDD79B54-BFFF-4BFB-A51A-EF2D0322C89F}.Release|Any CPU.Build.0 = Release|Any CPU
	EndGlobalSection
	GlobalSection(SolutionProperties) = preSolution
		HideSolutionNode = FALSE
	EndGlobalSection
	GlobalSection(ExtensibilityGlobals) = postSolution
		SolutionGuid = {7229DFEB-F96B-4CBF-916C-4E52CA914DA9}
	EndGlobalSection
EndGlobal
